
Microsoft Visual Studio Solution File, Format Version 12.00
# Visual Studio Version 17
VisualStudioVersion = 17.6.33815.320
MinimumVisualStudioVersion = 10.0.40219.1
Project("{2150E333-8FDC-42A3-9474-1A3956D46DE8}") = "5.Oops", "5.Oops", "{25F81732-ABCD-4C4F-A4F6-1E0FFD0E58EC}"
EndProject
Project("{2150E333-8FDC-42A3-9474-1A3956D46DE8}") = "Inheritance", "Inheritance", "{466A8623-BE0A-454E-9AAE-CD2BB285220F}"
EndProject
Project("{2150E333-8FDC-42A3-9474-1A3956D46DE8}") = "Polymorphism", "Polymorphism", "{5BC2A601-5B89-4845-9191-C3F23FE2354E}"
EndProject
Project("{2150E333-8FDC-42A3-9474-1A3956D46DE8}") = "Encapsulation", "Encapsulation", "{C5E4898E-1DCF-415C-90A2-F7C4CFF213F4}"
EndProject
Project("{2150E333-8FDC-42A3-9474-1A3956D46DE8}") = "Abstraction", "Abstraction", "{BABCA3CD-0E33-4559-B3CA-6525470C2BC3}"
EndProject
Project("{2150E333-8FDC-42A3-9474-1A3956D46DE8}") = "Interface", "Interface", "{EFC0F723-C9CF-482F-A70F-D50D32491CCD}"
EndProject
Project("{2150E333-8FDC-42A3-9474-1A3956D46DE8}") = "Abstract", "Abstract", "{4D6B5ADB-3DCD-4CFD-BC56-4EC2E2A91F99}"
EndProject
Project("{2150E333-8FDC-42A3-9474-1A3956D46DE8}") = "CompileTime", "CompileTime", "{7D165401-7935-4A59-AE46-64333825DC2E}"
EndProject
Project("{2150E333-8FDC-42A3-9474-1A3956D46DE8}") = "Runtime", "Runtime", "{9D6B11AE-1DC5-4991-968D-7BBF6664A5EB}"
EndProject
Project("{2150E333-8FDC-42A3-9474-1A3956D46DE8}") = "Class", "Class", "{29EF9284-17FB-45D5-A7F9-1AD958F1B861}"
EndProject
Project("{2150E333-8FDC-42A3-9474-1A3956D46DE8}") = "Object", "Object", "{FCD46056-7F9E-4CED-98A7-A7ABBD192C34}"
EndProject
Project("{2150E333-8FDC-42A3-9474-1A3956D46DE8}") = "6.Generics", "6.Generics", "{0B0BE3C2-3007-4746-B2D1-779B902A8ACF}"
EndProject
Project("{2150E333-8FDC-42A3-9474-1A3956D46DE8}") = "7.DataStructre", "7.DataStructre", "{C12A67F1-9CC4-4798-8076-C13EB78F7587}"
EndProject
Project("{2150E333-8FDC-42A3-9474-1A3956D46DE8}") = "1.Basic", "1.Basic", "{F0D76157-6582-479E-8FED-B3AA318454BE}"
EndProject
Project("{2150E333-8FDC-42A3-9474-1A3956D46DE8}") = "2.ControlStatement", "2.ControlStatement", "{9FD90802-E6EB-4A1B-826C-A1954F0192C4}"
EndProject
Project("{2150E333-8FDC-42A3-9474-1A3956D46DE8}") = "3.Function", "3.Function", "{6689A264-8E33-408B-A798-FE9D4E53604C}"
EndProject
Project("{2150E333-8FDC-42A3-9474-1A3956D46DE8}") = "4.Object&Class", "4.Object&Class", "{AA37B752-8F09-4740-A4C6-E07B51E8CE90}"
EndProject
Project("{2150E333-8FDC-42A3-9474-1A3956D46DE8}") = "Extra", "Extra", "{B554ED0B-52FE-489F-9FF0-60431CF974ED}"
EndProject
Project("{9A19103F-16F7-4668-BE54-9A1E7A4F7556}") = "Variable", "Variable\Variable.csproj", "{2F93308C-C654-49DD-B768-302BB3B0B183}"
EndProject
Project("{9A19103F-16F7-4668-BE54-9A1E7A4F7556}") = "DataType", "DataType\DataType.csproj", "{8701D123-16A8-4E71-BC59-F6FC0D54A1EE}"
EndProject
Project("{9A19103F-16F7-4668-BE54-9A1E7A4F7556}") = "Operator", "Operator\Operator.csproj", "{4916D935-5BF3-4EAD-BDC9-5D5B747AFA53}"
EndProject
Project("{9A19103F-16F7-4668-BE54-9A1E7A4F7556}") = "ClassGeneric", "Example1\ClassGeneric.csproj", "{4B6479E2-6430-4D50-8658-653705CF6212}"
EndProject
Project("{9A19103F-16F7-4668-BE54-9A1E7A4F7556}") = "methodGenerics", "methodGenerics\methodGenerics.csproj", "{AB04AB27-9435-49E6-8475-B045803AA27D}"
EndProject
Project("{FAE04EC0-301F-11D3-BF4B-00C04F79EFBC}") = "LinkedList", "LinkedList\LinkedList.csproj", "{F9EBC25B-2CB6-4B7E-AAAC-6701EE8D7185}"
EndProject
Global
	GlobalSection(SolutionConfigurationPlatforms) = preSolution
		Debug|Any CPU = Debug|Any CPU
		Release|Any CPU = Release|Any CPU
	EndGlobalSection
	GlobalSection(ProjectConfigurationPlatforms) = postSolution
		{2F93308C-C654-49DD-B768-302BB3B0B183}.Debug|Any CPU.ActiveCfg = Debug|Any CPU
		{2F93308C-C654-49DD-B768-302BB3B0B183}.Debug|Any CPU.Build.0 = Debug|Any CPU
		{2F93308C-C654-49DD-B768-302BB3B0B183}.Release|Any CPU.ActiveCfg = Release|Any CPU
		{2F93308C-C654-49DD-B768-302BB3B0B183}.Release|Any CPU.Build.0 = Release|Any CPU
		{8701D123-16A8-4E71-BC59-F6FC0D54A1EE}.Debug|Any CPU.ActiveCfg = Debug|Any CPU
		{8701D123-16A8-4E71-BC59-F6FC0D54A1EE}.Debug|Any CPU.Build.0 = Debug|Any CPU
		{8701D123-16A8-4E71-BC59-F6FC0D54A1EE}.Release|Any CPU.ActiveCfg = Release|Any CPU
		{8701D123-16A8-4E71-BC59-F6FC0D54A1EE}.Release|Any CPU.Build.0 = Release|Any CPU
		{4916D935-5BF3-4EAD-BDC9-5D5B747AFA53}.Debug|Any CPU.ActiveCfg = Debug|Any CPU
		{4916D935-5BF3-4EAD-BDC9-5D5B747AFA53}.Debug|Any CPU.Build.0 = Debug|Any CPU
		{4916D935-5BF3-4EAD-BDC9-5D5B747AFA53}.Release|Any CPU.ActiveCfg = Release|Any CPU
		{4916D935-5BF3-4EAD-BDC9-5D5B747AFA53}.Release|Any CPU.Build.0 = Release|Any CPU
		{4B6479E2-6430-4D50-8658-653705CF6212}.Debug|Any CPU.ActiveCfg = Debug|Any CPU
		{4B6479E2-6430-4D50-8658-653705CF6212}.Debug|Any CPU.Build.0 = Debug|Any CPU
		{4B6479E2-6430-4D50-8658-653705CF6212}.Release|Any CPU.ActiveCfg = Release|Any CPU
		{4B6479E2-6430-4D50-8658-653705CF6212}.Release|Any CPU.Build.0 = Release|Any CPU
		{AB04AB27-9435-49E6-8475-B045803AA27D}.Debug|Any CPU.ActiveCfg = Debug|Any CPU
		{AB04AB27-9435-49E6-8475-B045803AA27D}.Debug|Any CPU.Build.0 = Debug|Any CPU
		{AB04AB27-9435-49E6-8475-B045803AA27D}.Release|Any CPU.ActiveCfg = Release|Any CPU
		{AB04AB27-9435-49E6-8475-B045803AA27D}.Release|Any CPU.Build.0 = Release|Any CPU
		{F9EBC25B-2CB6-4B7E-AAAC-6701EE8D7185}.Debug|Any CPU.ActiveCfg = Debug|Any CPU
		{F9EBC25B-2CB6-4B7E-AAAC-6701EE8D7185}.Debug|Any CPU.Build.0 = Debug|Any CPU
		{F9EBC25B-2CB6-4B7E-AAAC-6701EE8D7185}.Release|Any CPU.ActiveCfg = Release|Any CPU
		{F9EBC25B-2CB6-4B7E-AAAC-6701EE8D7185}.Release|Any CPU.Build.0 = Release|Any CPU
	EndGlobalSection
	GlobalSection(SolutionProperties) = preSolution
		HideSolutionNode = FALSE
	EndGlobalSection
	GlobalSection(NestedProjects) = preSolution
		{466A8623-BE0A-454E-9AAE-CD2BB285220F} = {25F81732-ABCD-4C4F-A4F6-1E0FFD0E58EC}
		{5BC2A601-5B89-4845-9191-C3F23FE2354E} = {25F81732-ABCD-4C4F-A4F6-1E0FFD0E58EC}
		{C5E4898E-1DCF-415C-90A2-F7C4CFF213F4} = {25F81732-ABCD-4C4F-A4F6-1E0FFD0E58EC}
		{BABCA3CD-0E33-4559-B3CA-6525470C2BC3} = {25F81732-ABCD-4C4F-A4F6-1E0FFD0E58EC}
		{EFC0F723-C9CF-482F-A70F-D50D32491CCD} = {BABCA3CD-0E33-4559-B3CA-6525470C2BC3}
		{4D6B5ADB-3DCD-4CFD-BC56-4EC2E2A91F99} = {BABCA3CD-0E33-4559-B3CA-6525470C2BC3}
		{7D165401-7935-4A59-AE46-64333825DC2E} = {5BC2A601-5B89-4845-9191-C3F23FE2354E}
		{9D6B11AE-1DC5-4991-968D-7BBF6664A5EB} = {5BC2A601-5B89-4845-9191-C3F23FE2354E}
		{29EF9284-17FB-45D5-A7F9-1AD958F1B861} = {25F81732-ABCD-4C4F-A4F6-1E0FFD0E58EC}
		{FCD46056-7F9E-4CED-98A7-A7ABBD192C34} = {25F81732-ABCD-4C4F-A4F6-1E0FFD0E58EC}
		{2F93308C-C654-49DD-B768-302BB3B0B183} = {F0D76157-6582-479E-8FED-B3AA318454BE}
		{8701D123-16A8-4E71-BC59-F6FC0D54A1EE} = {F0D76157-6582-479E-8FED-B3AA318454BE}
		{4916D935-5BF3-4EAD-BDC9-5D5B747AFA53} = {F0D76157-6582-479E-8FED-B3AA318454BE}
		{4B6479E2-6430-4D50-8658-653705CF6212} = {0B0BE3C2-3007-4746-B2D1-779B902A8ACF}
		{AB04AB27-9435-49E6-8475-B045803AA27D} = {0B0BE3C2-3007-4746-B2D1-779B902A8ACF}
		{F9EBC25B-2CB6-4B7E-AAAC-6701EE8D7185} = {C12A67F1-9CC4-4798-8076-C13EB78F7587}
	EndGlobalSection
	GlobalSection(ExtensibilityGlobals) = postSolution
		SolutionGuid = {BA6FFFAF-D337-43AF-844E-E644891348E7}
	EndGlobalSection
EndGlobal
